
Microsoft Visual Studio Solution File, Format Version 12.00
# Visual Studio Version 17
VisualStudioVersion = 17.8.34330.188
MinimumVisualStudioVersion = 10.0.40219.1
Project("{8BC9CEB8-8B4A-11D0-8D11-00A0C91BC942}") = "Project1", "Project1\Project1.vcxproj", "{43F948C3-775B-4068-BCFF-6A32610D54FF}"
EndProject
Global
	GlobalSection(SolutionConfigurationPlatforms) = preSolution
		Debug|x64 = Debug|x64
		Debug|x86 = Debug|x86
		Release|x64 = Release|x64
		Release|x86 = Release|x86
	EndGlobalSection
	GlobalSection(ProjectConfigurationPlatforms) = postSolution
		{43F948C3-775B-4068-BCFF-6A32610D54FF}.Debug|x64.ActiveCfg = Debug|x64
		{43F948C3-775B-4068-BCFF-6A32610D54FF}.Debug|x64.Build.0 = Debug|x64
		{43F948C3-775B-4068-BCFF-6A32610D54FF}.Debug|x86.ActiveCfg = Debug|Win32
		{43F948C3-775B-4068-BCFF-6A32610D54FF}.Debug|x86.Build.0 = Debug|Win32
		{43F948C3-775B-4068-BCFF-6A32610D54FF}.Release|x64.ActiveCfg = Release|x64
		{43F948C3-775B-4068-BCFF-6A32610D54FF}.Release|x64.Build.0 = Release|x64
		{43F948C3-775B-4068-BCFF-6A32610D54FF}.Release|x86.ActiveCfg = Release|Win32
		{43F948C3-775B-4068-BCFF-6A32610D54FF}.Release|x86.Build.0 = Release|Win32
	EndGlobalSection
	GlobalSection(SolutionProperties) = preSolution
		HideSolutionNode = FALSE
	EndGlobalSection
	GlobalSection(ExtensibilityGlobals) = postSolution
		SolutionGuid = {2494A49B-AD2E-4F6A-BB6F-A81B051BCE83}
	EndGlobalSection
EndGlobal
